// !$*UTF8*$!
{
	archiveVersion = 1;
	classes = {
	};
	objectVersion = 55;
	objects = {

/* Begin PBXBuildFile section */
		D9184D8F28BDF4E6007277C4 /* MainView.swift in Sources */ = {isa = PBXBuildFile; fileRef = D9184D8E28BDF4E6007277C4 /* MainView.swift */; };
		D9184D9728BDF85C007277C4 /* BaseNIbView.swift in Sources */ = {isa = PBXBuildFile; fileRef = D9184D9628BDF85C007277C4 /* BaseNIbView.swift */; };
		D9184D9A28BDF8AC007277C4 /* ListTitleView.swift in Sources */ = {isa = PBXBuildFile; fileRef = D9184D9828BDF8AB007277C4 /* ListTitleView.swift */; };
		D9184D9B28BDF8AC007277C4 /* ListTitleView.xib in Resources */ = {isa = PBXBuildFile; fileRef = D9184D9928BDF8AB007277C4 /* ListTitleView.xib */; };
		D9184D9D28BDF8FA007277C4 /* UIView.swift in Sources */ = {isa = PBXBuildFile; fileRef = D9184D9C28BDF8FA007277C4 /* UIView.swift */; };
		D9184DAB28BDF91E007277C4 /* UIFonts.swift in Sources */ = {isa = PBXBuildFile; fileRef = D9184D9E28BDF91E007277C4 /* UIFonts.swift */; };
		D9184DAC28BDF91E007277C4 /* Dictionary.swift in Sources */ = {isa = PBXBuildFile; fileRef = D9184D9F28BDF91E007277C4 /* Dictionary.swift */; };
		D9184DAE28BDF91E007277C4 /* UILabel.swift in Sources */ = {isa = PBXBuildFile; fileRef = D9184DA128BDF91E007277C4 /* UILabel.swift */; };
		D9184DAF28BDF91E007277C4 /* NSNotificationName.swift in Sources */ = {isa = PBXBuildFile; fileRef = D9184DA228BDF91E007277C4 /* NSNotificationName.swift */; };
		D9184DB028BDF91E007277C4 /* UIStoryboard.swift in Sources */ = {isa = PBXBuildFile; fileRef = D9184DA328BDF91E007277C4 /* UIStoryboard.swift */; };
		D9184DB128BDF91E007277C4 /* UIColor.swift in Sources */ = {isa = PBXBuildFile; fileRef = D9184DA428BDF91E007277C4 /* UIColor.swift */; };
		D9184DB228BDF91E007277C4 /* UITableViewCell.swift in Sources */ = {isa = PBXBuildFile; fileRef = D9184DA528BDF91E007277C4 /* UITableViewCell.swift */; };
		D9184DB428BDF91E007277C4 /* UIViewController.swift in Sources */ = {isa = PBXBuildFile; fileRef = D9184DA728BDF91E007277C4 /* UIViewController.swift */; };
		D9184DB528BDF91E007277C4 /* UIScrollView.swift in Sources */ = {isa = PBXBuildFile; fileRef = D9184DA828BDF91E007277C4 /* UIScrollView.swift */; };
		D9184DB628BDF91E007277C4 /* UITableView.swift in Sources */ = {isa = PBXBuildFile; fileRef = D9184DA928BDF91E007277C4 /* UITableView.swift */; };
		D9184DB728BDF91E007277C4 /* String.swift in Sources */ = {isa = PBXBuildFile; fileRef = D9184DAA28BDF91E007277C4 /* String.swift */; };
		D9184DC228BDF9A8007277C4 /* AttachmentType.swift in Sources */ = {isa = PBXBuildFile; fileRef = D9184DB928BDF9A8007277C4 /* AttachmentType.swift */; };
		D9184DC328BDF9A8007277C4 /* Environment.swift in Sources */ = {isa = PBXBuildFile; fileRef = D9184DBA28BDF9A8007277C4 /* Environment.swift */; };
		D9184DC428BDF9A8007277C4 /* Helpers.swift in Sources */ = {isa = PBXBuildFile; fileRef = D9184DBB28BDF9A8007277C4 /* Helpers.swift */; };
		D9184DC528BDF9A8007277C4 /* ValidationStatus.swift in Sources */ = {isa = PBXBuildFile; fileRef = D9184DBC28BDF9A8007277C4 /* ValidationStatus.swift */; };
		D9184DC628BDF9A8007277C4 /* LocalizedKey.swift in Sources */ = {isa = PBXBuildFile; fileRef = D9184DBD28BDF9A8007277C4 /* LocalizedKey.swift */; };
		D9184DC728BDF9A8007277C4 /* Images.swift in Sources */ = {isa = PBXBuildFile; fileRef = D9184DBE28BDF9A8007277C4 /* Images.swift */; };
		D9184DC828BDF9A8007277C4 /* AppConstants.swift in Sources */ = {isa = PBXBuildFile; fileRef = D9184DBF28BDF9A8007277C4 /* AppConstants.swift */; };
		D9184DC928BDF9A8007277C4 /* Colors.swift in Sources */ = {isa = PBXBuildFile; fileRef = D9184DC028BDF9A8007277C4 /* Colors.swift */; };
		D9184DCA28BDF9A8007277C4 /* Endpoint.swift in Sources */ = {isa = PBXBuildFile; fileRef = D9184DC128BDF9A8007277C4 /* Endpoint.swift */; };
		D956BA9728B8DD02007FDDB8 /* AppDelegate.swift in Sources */ = {isa = PBXBuildFile; fileRef = D956BA9628B8DD02007FDDB8 /* AppDelegate.swift */; };
		D956BA9928B8DD02007FDDB8 /* SceneDelegate.swift in Sources */ = {isa = PBXBuildFile; fileRef = D956BA9828B8DD02007FDDB8 /* SceneDelegate.swift */; };
		D956BA9B28B8DD02007FDDB8 /* MainViewController.swift in Sources */ = {isa = PBXBuildFile; fileRef = D956BA9A28B8DD02007FDDB8 /* MainViewController.swift */; };
		D956BA9E28B8DD02007FDDB8 /* Main.storyboard in Resources */ = {isa = PBXBuildFile; fileRef = D956BA9C28B8DD02007FDDB8 /* Main.storyboard */; };
		D956BAA028B8DD04007FDDB8 /* Assets.xcassets in Resources */ = {isa = PBXBuildFile; fileRef = D956BA9F28B8DD04007FDDB8 /* Assets.xcassets */; };
		D956BAA328B8DD04007FDDB8 /* LaunchScreen.storyboard in Resources */ = {isa = PBXBuildFile; fileRef = D956BAA128B8DD04007FDDB8 /* LaunchScreen.storyboard */; };
		D9B5995428BE302000EC7E51 /* AddButtonView.swift in Sources */ = {isa = PBXBuildFile; fileRef = D9B5995228BE302000EC7E51 /* AddButtonView.swift */; };
		D9B5995528BE302000EC7E51 /* AddButtonView.xib in Resources */ = {isa = PBXBuildFile; fileRef = D9B5995328BE302000EC7E51 /* AddButtonView.xib */; };
		D9B5995728BE349C00EC7E51 /* UIBezierPath.swift in Sources */ = {isa = PBXBuildFile; fileRef = D9B5995628BE349C00EC7E51 /* UIBezierPath.swift */; };
		D9B5995B28BE3B4C00EC7E51 /* Item.swift in Sources */ = {isa = PBXBuildFile; fileRef = D9B5995A28BE3B4C00EC7E51 /* Item.swift */; };
		D9B5995D28BE3B5900EC7E51 /* ItemsViewModel.swift in Sources */ = {isa = PBXBuildFile; fileRef = D9B5995C28BE3B5900EC7E51 /* ItemsViewModel.swift */; };
		D9B5996028BE404E00EC7E51 /* ItemTableCell.xib in Resources */ = {isa = PBXBuildFile; fileRef = D9B5995E28BE404E00EC7E51 /* ItemTableCell.xib */; };
		D9B5996128BE404E00EC7E51 /* ItemTableCell.swift in Sources */ = {isa = PBXBuildFile; fileRef = D9B5995F28BE404E00EC7E51 /* ItemTableCell.swift */; };
/* End PBXBuildFile section */

/* Begin PBXFileReference section */
		D9184D8E28BDF4E6007277C4 /* MainView.swift */ = {isa = PBXFileReference; lastKnownFileType = sourcecode.swift; path = MainView.swift; sourceTree = "<group>"; };
		D9184D9628BDF85C007277C4 /* BaseNIbView.swift */ = {isa = PBXFileReference; fileEncoding = 4; lastKnownFileType = sourcecode.swift; path = BaseNIbView.swift; sourceTree = "<group>"; };
		D9184D9828BDF8AB007277C4 /* ListTitleView.swift */ = {isa = PBXFileReference; fileEncoding = 4; lastKnownFileType = sourcecode.swift; path = ListTitleView.swift; sourceTree = "<group>"; };
		D9184D9928BDF8AB007277C4 /* ListTitleView.xib */ = {isa = PBXFileReference; fileEncoding = 4; lastKnownFileType = file.xib; path = ListTitleView.xib; sourceTree = "<group>"; };
		D9184D9C28BDF8FA007277C4 /* UIView.swift */ = {isa = PBXFileReference; fileEncoding = 4; lastKnownFileType = sourcecode.swift; path = UIView.swift; sourceTree = "<group>"; };
		D9184D9E28BDF91E007277C4 /* UIFonts.swift */ = {isa = PBXFileReference; fileEncoding = 4; lastKnownFileType = sourcecode.swift; path = UIFonts.swift; sourceTree = "<group>"; };
		D9184D9F28BDF91E007277C4 /* Dictionary.swift */ = {isa = PBXFileReference; fileEncoding = 4; lastKnownFileType = sourcecode.swift; path = Dictionary.swift; sourceTree = "<group>"; };
		D9184DA128BDF91E007277C4 /* UILabel.swift */ = {isa = PBXFileReference; fileEncoding = 4; lastKnownFileType = sourcecode.swift; path = UILabel.swift; sourceTree = "<group>"; };
		D9184DA228BDF91E007277C4 /* NSNotificationName.swift */ = {isa = PBXFileReference; fileEncoding = 4; lastKnownFileType = sourcecode.swift; path = NSNotificationName.swift; sourceTree = "<group>"; };
		D9184DA328BDF91E007277C4 /* UIStoryboard.swift */ = {isa = PBXFileReference; fileEncoding = 4; lastKnownFileType = sourcecode.swift; path = UIStoryboard.swift; sourceTree = "<group>"; };
		D9184DA428BDF91E007277C4 /* UIColor.swift */ = {isa = PBXFileReference; fileEncoding = 4; lastKnownFileType = sourcecode.swift; path = UIColor.swift; sourceTree = "<group>"; };
		D9184DA528BDF91E007277C4 /* UITableViewCell.swift */ = {isa = PBXFileReference; fileEncoding = 4; lastKnownFileType = sourcecode.swift; path = UITableViewCell.swift; sourceTree = "<group>"; };
		D9184DA728BDF91E007277C4 /* UIViewController.swift */ = {isa = PBXFileReference; fileEncoding = 4; lastKnownFileType = sourcecode.swift; path = UIViewController.swift; sourceTree = "<group>"; };
		D9184DA828BDF91E007277C4 /* UIScrollView.swift */ = {isa = PBXFileReference; fileEncoding = 4; lastKnownFileType = sourcecode.swift; path = UIScrollView.swift; sourceTree = "<group>"; };
		D9184DA928BDF91E007277C4 /* UITableView.swift */ = {isa = PBXFileReference; fileEncoding = 4; lastKnownFileType = sourcecode.swift; path = UITableView.swift; sourceTree = "<group>"; };
		D9184DAA28BDF91E007277C4 /* String.swift */ = {isa = PBXFileReference; fileEncoding = 4; lastKnownFileType = sourcecode.swift; path = String.swift; sourceTree = "<group>"; };
		D9184DB928BDF9A8007277C4 /* AttachmentType.swift */ = {isa = PBXFileReference; fileEncoding = 4; lastKnownFileType = sourcecode.swift; path = AttachmentType.swift; sourceTree = "<group>"; };
		D9184DBA28BDF9A8007277C4 /* Environment.swift */ = {isa = PBXFileReference; fileEncoding = 4; lastKnownFileType = sourcecode.swift; path = Environment.swift; sourceTree = "<group>"; };
		D9184DBB28BDF9A8007277C4 /* Helpers.swift */ = {isa = PBXFileReference; fileEncoding = 4; lastKnownFileType = sourcecode.swift; path = Helpers.swift; sourceTree = "<group>"; };
		D9184DBC28BDF9A8007277C4 /* ValidationStatus.swift */ = {isa = PBXFileReference; fileEncoding = 4; lastKnownFileType = sourcecode.swift; path = ValidationStatus.swift; sourceTree = "<group>"; };
		D9184DBD28BDF9A8007277C4 /* LocalizedKey.swift */ = {isa = PBXFileReference; fileEncoding = 4; lastKnownFileType = sourcecode.swift; path = LocalizedKey.swift; sourceTree = "<group>"; };
		D9184DBE28BDF9A8007277C4 /* Images.swift */ = {isa = PBXFileReference; fileEncoding = 4; lastKnownFileType = sourcecode.swift; path = Images.swift; sourceTree = "<group>"; };
		D9184DBF28BDF9A8007277C4 /* AppConstants.swift */ = {isa = PBXFileReference; fileEncoding = 4; lastKnownFileType = sourcecode.swift; path = AppConstants.swift; sourceTree = "<group>"; };
		D9184DC028BDF9A8007277C4 /* Colors.swift */ = {isa = PBXFileReference; fileEncoding = 4; lastKnownFileType = sourcecode.swift; path = Colors.swift; sourceTree = "<group>"; };
		D9184DC128BDF9A8007277C4 /* Endpoint.swift */ = {isa = PBXFileReference; fileEncoding = 4; lastKnownFileType = sourcecode.swift; path = Endpoint.swift; sourceTree = "<group>"; };
		D956BA9328B8DD02007FDDB8 /* ItemsListingDemo.app */ = {isa = PBXFileReference; explicitFileType = wrapper.application; includeInIndex = 0; path = ItemsListingDemo.app; sourceTree = BUILT_PRODUCTS_DIR; };
		D956BA9628B8DD02007FDDB8 /* AppDelegate.swift */ = {isa = PBXFileReference; lastKnownFileType = sourcecode.swift; path = AppDelegate.swift; sourceTree = "<group>"; };
		D956BA9828B8DD02007FDDB8 /* SceneDelegate.swift */ = {isa = PBXFileReference; lastKnownFileType = sourcecode.swift; path = SceneDelegate.swift; sourceTree = "<group>"; };
		D956BA9A28B8DD02007FDDB8 /* MainViewController.swift */ = {isa = PBXFileReference; lastKnownFileType = sourcecode.swift; path = MainViewController.swift; sourceTree = "<group>"; };
		D956BA9D28B8DD02007FDDB8 /* Base */ = {isa = PBXFileReference; lastKnownFileType = file.storyboard; name = Base; path = Base.lproj/Main.storyboard; sourceTree = "<group>"; };
		D956BA9F28B8DD04007FDDB8 /* Assets.xcassets */ = {isa = PBXFileReference; lastKnownFileType = folder.assetcatalog; path = Assets.xcassets; sourceTree = "<group>"; };
		D956BAA228B8DD04007FDDB8 /* Base */ = {isa = PBXFileReference; lastKnownFileType = file.storyboard; name = Base; path = Base.lproj/LaunchScreen.storyboard; sourceTree = "<group>"; };
		D956BAA428B8DD04007FDDB8 /* Info.plist */ = {isa = PBXFileReference; lastKnownFileType = text.plist.xml; path = Info.plist; sourceTree = "<group>"; };
		D9B5995228BE302000EC7E51 /* AddButtonView.swift */ = {isa = PBXFileReference; fileEncoding = 4; lastKnownFileType = sourcecode.swift; path = AddButtonView.swift; sourceTree = "<group>"; };
		D9B5995328BE302000EC7E51 /* AddButtonView.xib */ = {isa = PBXFileReference; fileEncoding = 4; lastKnownFileType = file.xib; path = AddButtonView.xib; sourceTree = "<group>"; };
		D9B5995628BE349C00EC7E51 /* UIBezierPath.swift */ = {isa = PBXFileReference; fileEncoding = 4; lastKnownFileType = sourcecode.swift; path = UIBezierPath.swift; sourceTree = "<group>"; };
		D9B5995A28BE3B4C00EC7E51 /* Item.swift */ = {isa = PBXFileReference; fileEncoding = 4; lastKnownFileType = sourcecode.swift; path = Item.swift; sourceTree = "<group>"; };
		D9B5995C28BE3B5900EC7E51 /* ItemsViewModel.swift */ = {isa = PBXFileReference; fileEncoding = 4; lastKnownFileType = sourcecode.swift; path = ItemsViewModel.swift; sourceTree = "<group>"; };
		D9B5995E28BE404E00EC7E51 /* ItemTableCell.xib */ = {isa = PBXFileReference; fileEncoding = 4; lastKnownFileType = file.xib; path = ItemTableCell.xib; sourceTree = "<group>"; };
		D9B5995F28BE404E00EC7E51 /* ItemTableCell.swift */ = {isa = PBXFileReference; fileEncoding = 4; lastKnownFileType = sourcecode.swift; path = ItemTableCell.swift; sourceTree = "<group>"; };
/* End PBXFileReference section */

/* Begin PBXFrameworksBuildPhase section */
		D956BA9028B8DD02007FDDB8 /* Frameworks */ = {
			isa = PBXFrameworksBuildPhase;
			buildActionMask = 2147483647;
			files = (
			);
			runOnlyForDeploymentPostprocessing = 0;
		};
/* End PBXFrameworksBuildPhase section */

/* Begin PBXGroup section */
		D9184D9028BDF7DD007277C4 /* Componenets */ = {
			isa = PBXGroup;
			children = (
				D9184D9628BDF85C007277C4 /* BaseNIbView.swift */,
				D9184D9828BDF8AB007277C4 /* ListTitleView.swift */,
				D9184D9928BDF8AB007277C4 /* ListTitleView.xib */,
				D9B5995228BE302000EC7E51 /* AddButtonView.swift */,
				D9B5995328BE302000EC7E51 /* AddButtonView.xib */,
				D9B5995F28BE404E00EC7E51 /* ItemTableCell.swift */,
				D9B5995E28BE404E00EC7E51 /* ItemTableCell.xib */,
			);
			path = Componenets;
			sourceTree = "<group>";
		};
		D9184D9128BDF7E9007277C4 /* Supporting Files */ = {
			isa = PBXGroup;
			children = (
				D956BA9628B8DD02007FDDB8 /* AppDelegate.swift */,
				D956BA9828B8DD02007FDDB8 /* SceneDelegate.swift */,
			);
			path = "Supporting Files";
			sourceTree = "<group>";
		};
		D9184D9228BDF802007277C4 /* Resources */ = {
			isa = PBXGroup;
			children = (
				D956BA9F28B8DD04007FDDB8 /* Assets.xcassets */,
			);
			path = Resources;
			sourceTree = "<group>";
		};
		D9184D9328BDF822007277C4 /* Views */ = {
			isa = PBXGroup;
			children = (
				D956BA9A28B8DD02007FDDB8 /* MainViewController.swift */,
				D9184D8E28BDF4E6007277C4 /* MainView.swift */,
			);
			path = Views;
			sourceTree = "<group>";
		};
		D9184D9428BDF842007277C4 /* Storyboards */ = {
			isa = PBXGroup;
			children = (
				D956BA9C28B8DD02007FDDB8 /* Main.storyboard */,
				D956BAA128B8DD04007FDDB8 /* LaunchScreen.storyboard */,
			);
			path = Storyboards;
			sourceTree = "<group>";
		};
		D9184D9528BDF851007277C4 /* Extentions */ = {
			isa = PBXGroup;
			children = (
				D9184D9F28BDF91E007277C4 /* Dictionary.swift */,
				D9184DA228BDF91E007277C4 /* NSNotificationName.swift */,
				D9184DAA28BDF91E007277C4 /* String.swift */,
				D9184DA428BDF91E007277C4 /* UIColor.swift */,
				D9184D9E28BDF91E007277C4 /* UIFonts.swift */,
				D9184DA128BDF91E007277C4 /* UILabel.swift */,
				D9184DA828BDF91E007277C4 /* UIScrollView.swift */,
				D9184DA328BDF91E007277C4 /* UIStoryboard.swift */,
				D9184DA928BDF91E007277C4 /* UITableView.swift */,
				D9184DA528BDF91E007277C4 /* UITableViewCell.swift */,
				D9184DA728BDF91E007277C4 /* UIViewController.swift */,
				D9B5995628BE349C00EC7E51 /* UIBezierPath.swift */,
				D9184D9C28BDF8FA007277C4 /* UIView.swift */,
			);
			path = Extentions;
			sourceTree = "<group>";
		};
		D9184DB828BDF9A8007277C4 /* Globals */ = {
			isa = PBXGroup;
			children = (
				D9184DB928BDF9A8007277C4 /* AttachmentType.swift */,
				D9184DBA28BDF9A8007277C4 /* Environment.swift */,
				D9184DBB28BDF9A8007277C4 /* Helpers.swift */,
				D9184DBC28BDF9A8007277C4 /* ValidationStatus.swift */,
				D9184DBD28BDF9A8007277C4 /* LocalizedKey.swift */,
				D9184DBE28BDF9A8007277C4 /* Images.swift */,
				D9184DBF28BDF9A8007277C4 /* AppConstants.swift */,
				D9184DC028BDF9A8007277C4 /* Colors.swift */,
				D9184DC128BDF9A8007277C4 /* Endpoint.swift */,
			);
			path = Globals;
			sourceTree = "<group>";
		};
		D956BA8A28B8DD02007FDDB8 = {
			isa = PBXGroup;
			children = (
				D956BA9528B8DD02007FDDB8 /* ItemsListingDemo */,
				D956BA9428B8DD02007FDDB8 /* Products */,
			);
			sourceTree = "<group>";
		};
		D956BA9428B8DD02007FDDB8 /* Products */ = {
			isa = PBXGroup;
			children = (
				D956BA9328B8DD02007FDDB8 /* ItemsListingDemo.app */,
			);
			name = Products;
			sourceTree = "<group>";
		};
		D956BA9528B8DD02007FDDB8 /* ItemsListingDemo */ = {
			isa = PBXGroup;
			children = (
				D9B5995928BE3AF900EC7E51 /* View Models */,
				D9B5995828BE3AF100EC7E51 /* Models */,
				D9184DB828BDF9A8007277C4 /* Globals */,
				D9184D9528BDF851007277C4 /* Extentions */,
				D9184D9428BDF842007277C4 /* Storyboards */,
				D9184D9328BDF822007277C4 /* Views */,
				D9184D9228BDF802007277C4 /* Resources */,
				D9184D9128BDF7E9007277C4 /* Supporting Files */,
				D9184D9028BDF7DD007277C4 /* Componenets */,
				D956BAA428B8DD04007FDDB8 /* Info.plist */,
			);
			path = ItemsListingDemo;
			sourceTree = "<group>";
		};
		D9B5995828BE3AF100EC7E51 /* Models */ = {
			isa = PBXGroup;
			children = (
				D9B5995A28BE3B4C00EC7E51 /* Item.swift */,
			);
			path = Models;
			sourceTree = "<group>";
		};
		D9B5995928BE3AF900EC7E51 /* View Models */ = {
			isa = PBXGroup;
			children = (
				D9B5995C28BE3B5900EC7E51 /* ItemsViewModel.swift */,
			);
			path = "View Models";
			sourceTree = "<group>";
		};
/* End PBXGroup section */

/* Begin PBXNativeTarget section */
		D956BA9228B8DD02007FDDB8 /* ItemsListingDemo */ = {
			isa = PBXNativeTarget;
			buildConfigurationList = D956BAA728B8DD04007FDDB8 /* Build configuration list for PBXNativeTarget "ItemsListingDemo" */;
			buildPhases = (
				D956BA8F28B8DD02007FDDB8 /* Sources */,
				D956BA9028B8DD02007FDDB8 /* Frameworks */,
				D956BA9128B8DD02007FDDB8 /* Resources */,
			);
			buildRules = (
			);
			dependencies = (
			);
			name = ItemsListingDemo;
			productName = ItemsListingDemo;
			productReference = D956BA9328B8DD02007FDDB8 /* ItemsListingDemo.app */;
			productType = "com.apple.product-type.application";
		};
/* End PBXNativeTarget section */

/* Begin PBXProject section */
		D956BA8B28B8DD02007FDDB8 /* Project object */ = {
			isa = PBXProject;
			attributes = {
				BuildIndependentTargetsInParallel = 1;
				LastSwiftUpdateCheck = 1340;
				LastUpgradeCheck = 1340;
				TargetAttributes = {
					D956BA9228B8DD02007FDDB8 = {
						CreatedOnToolsVersion = 13.4.1;
					};
				};
			};
			buildConfigurationList = D956BA8E28B8DD02007FDDB8 /* Build configuration list for PBXProject "ItemsListingDemo" */;
			compatibilityVersion = "Xcode 13.0";
			developmentRegion = en;
			hasScannedForEncodings = 0;
			knownRegions = (
				en,
				Base,
			);
			mainGroup = D956BA8A28B8DD02007FDDB8;
			productRefGroup = D956BA9428B8DD02007FDDB8 /* Products */;
			projectDirPath = "";
			projectRoot = "";
			targets = (
				D956BA9228B8DD02007FDDB8 /* ItemsListingDemo */,
			);
		};
/* End PBXProject section */

/* Begin PBXResourcesBuildPhase section */
		D956BA9128B8DD02007FDDB8 /* Resources */ = {
			isa = PBXResourcesBuildPhase;
			buildActionMask = 2147483647;
			files = (
				D956BAA328B8DD04007FDDB8 /* LaunchScreen.storyboard in Resources */,
				D956BAA028B8DD04007FDDB8 /* Assets.xcassets in Resources */,
				D956BA9E28B8DD02007FDDB8 /* Main.storyboard in Resources */,
				D9184D9B28BDF8AC007277C4 /* ListTitleView.xib in Resources */,
				D9B5995528BE302000EC7E51 /* AddButtonView.xib in Resources */,
				D9B5996028BE404E00EC7E51 /* ItemTableCell.xib in Resources */,
			);
			runOnlyForDeploymentPostprocessing = 0;
		};
/* End PBXResourcesBuildPhase section */

/* Begin PBXSourcesBuildPhase section */
		D956BA8F28B8DD02007FDDB8 /* Sources */ = {
			isa = PBXSourcesBuildPhase;
			buildActionMask = 2147483647;
			files = (
				D9184DAE28BDF91E007277C4 /* UILabel.swift in Sources */,
				D956BA9B28B8DD02007FDDB8 /* MainViewController.swift in Sources */,
				D9184DC628BDF9A8007277C4 /* LocalizedKey.swift in Sources */,
				D9184DCA28BDF9A8007277C4 /* Endpoint.swift in Sources */,
				D9184DC728BDF9A8007277C4 /* Images.swift in Sources */,
				D9184DB428BDF91E007277C4 /* UIViewController.swift in Sources */,
				D956BA9728B8DD02007FDDB8 /* AppDelegate.swift in Sources */,
				D9B5995428BE302000EC7E51 /* AddButtonView.swift in Sources */,
				D9184DB528BDF91E007277C4 /* UIScrollView.swift in Sources */,
				D9184DC228BDF9A8007277C4 /* AttachmentType.swift in Sources */,
				D9184DAB28BDF91E007277C4 /* UIFonts.swift in Sources */,
				D9184DB128BDF91E007277C4 /* UIColor.swift in Sources */,
				D9B5995B28BE3B4C00EC7E51 /* Item.swift in Sources */,
				D9B5996128BE404E00EC7E51 /* ItemTableCell.swift in Sources */,
				D9184DC828BDF9A8007277C4 /* AppConstants.swift in Sources */,
				D9184D8F28BDF4E6007277C4 /* MainView.swift in Sources */,
				D9184DB028BDF91E007277C4 /* UIStoryboard.swift in Sources */,
				D9184DAC28BDF91E007277C4 /* Dictionary.swift in Sources */,
				D9B5995728BE349C00EC7E51 /* UIBezierPath.swift in Sources */,
				D9184D9728BDF85C007277C4 /* BaseNIbView.swift in Sources */,
				D9184DC328BDF9A8007277C4 /* Environment.swift in Sources */,
				D9184DB728BDF91E007277C4 /* String.swift in Sources */,
				D9184DAF28BDF91E007277C4 /* NSNotificationName.swift in Sources */,
				D9184DC928BDF9A8007277C4 /* Colors.swift in Sources */,
				D956BA9928B8DD02007FDDB8 /* SceneDelegate.swift in Sources */,
				D9184DC528BDF9A8007277C4 /* ValidationStatus.swift in Sources */,
				D9184DC428BDF9A8007277C4 /* Helpers.swift in Sources */,
				D9B5995D28BE3B5900EC7E51 /* ItemsViewModel.swift in Sources */,
				D9184D9D28BDF8FA007277C4 /* UIView.swift in Sources */,
				D9184D9A28BDF8AC007277C4 /* ListTitleView.swift in Sources */,
				D9184DB228BDF91E007277C4 /* UITableViewCell.swift in Sources */,
				D9184DB628BDF91E007277C4 /* UITableView.swift in Sources */,
			);
			runOnlyForDeploymentPostprocessing = 0;
		};
/* End PBXSourcesBuildPhase section */

/* Begin PBXVariantGroup section */
		D956BA9C28B8DD02007FDDB8 /* Main.storyboard */ = {
			isa = PBXVariantGroup;
			children = (
				D956BA9D28B8DD02007FDDB8 /* Base */,
			);
			name = Main.storyboard;
			sourceTree = "<group>";
		};
		D956BAA128B8DD04007FDDB8 /* LaunchScreen.storyboard */ = {
			isa = PBXVariantGroup;
			children = (
				D956BAA228B8DD04007FDDB8 /* Base */,
			);
			name = LaunchScreen.storyboard;
			sourceTree = "<group>";
		};
/* End PBXVariantGroup section */

/* Begin XCBuildConfiguration section */
		D956BAA528B8DD04007FDDB8 /* Debug */ = {
			isa = XCBuildConfiguration;
			buildSettings = {
				ALWAYS_SEARCH_USER_PATHS = NO;
				CLANG_ANALYZER_NONNULL = YES;
				CLANG_ANALYZER_NUMBER_OBJECT_CONVERSION = YES_AGGRESSIVE;
				CLANG_CXX_LANGUAGE_STANDARD = "gnu++17";
				CLANG_ENABLE_MODULES = YES;
				CLANG_ENABLE_OBJC_ARC = YES;
				CLANG_ENABLE_OBJC_WEAK = YES;
				CLANG_WARN_BLOCK_CAPTURE_AUTORELEASING = YES;
				CLANG_WARN_BOOL_CONVERSION = YES;
				CLANG_WARN_COMMA = YES;
				CLANG_WARN_CONSTANT_CONVERSION = YES;
				CLANG_WARN_DEPRECATED_OBJC_IMPLEMENTATIONS = YES;
				CLANG_WARN_DIRECT_OBJC_ISA_USAGE = YES_ERROR;
				CLANG_WARN_DOCUMENTATION_COMMENTS = YES;
				CLANG_WARN_EMPTY_BODY = YES;
				CLANG_WARN_ENUM_CONVERSION = YES;
				CLANG_WARN_INFINITE_RECURSION = YES;
				CLANG_WARN_INT_CONVERSION = YES;
				CLANG_WARN_NON_LITERAL_NULL_CONVERSION = YES;
				CLANG_WARN_OBJC_IMPLICIT_RETAIN_SELF = YES;
				CLANG_WARN_OBJC_LITERAL_CONVERSION = YES;
				CLANG_WARN_OBJC_ROOT_CLASS = YES_ERROR;
				CLANG_WARN_QUOTED_INCLUDE_IN_FRAMEWORK_HEADER = YES;
				CLANG_WARN_RANGE_LOOP_ANALYSIS = YES;
				CLANG_WARN_STRICT_PROTOTYPES = YES;
				CLANG_WARN_SUSPICIOUS_MOVE = YES;
				CLANG_WARN_UNGUARDED_AVAILABILITY = YES_AGGRESSIVE;
				CLANG_WARN_UNREACHABLE_CODE = YES;
				CLANG_WARN__DUPLICATE_METHOD_MATCH = YES;
				COPY_PHASE_STRIP = NO;
				DEBUG_INFORMATION_FORMAT = dwarf;
				ENABLE_STRICT_OBJC_MSGSEND = YES;
				ENABLE_TESTABILITY = YES;
				GCC_C_LANGUAGE_STANDARD = gnu11;
				GCC_DYNAMIC_NO_PIC = NO;
				GCC_NO_COMMON_BLOCKS = YES;
				GCC_OPTIMIZATION_LEVEL = 0;
				GCC_PREPROCESSOR_DEFINITIONS = (
					"DEBUG=1",
					"$(inherited)",
				);
				GCC_WARN_64_TO_32_BIT_CONVERSION = YES;
				GCC_WARN_ABOUT_RETURN_TYPE = YES_ERROR;
				GCC_WARN_UNDECLARED_SELECTOR = YES;
				GCC_WARN_UNINITIALIZED_AUTOS = YES_AGGRESSIVE;
				GCC_WARN_UNUSED_FUNCTION = YES;
				GCC_WARN_UNUSED_VARIABLE = YES;
				IPHONEOS_DEPLOYMENT_TARGET = 15.5;
				MTL_ENABLE_DEBUG_INFO = INCLUDE_SOURCE;
				MTL_FAST_MATH = YES;
				ONLY_ACTIVE_ARCH = YES;
				SDKROOT = iphoneos;
				SWIFT_ACTIVE_COMPILATION_CONDITIONS = DEBUG;
				SWIFT_OPTIMIZATION_LEVEL = "-Onone";
			};
			name = Debug;
		};
		D956BAA628B8DD04007FDDB8 /* Release */ = {
			isa = XCBuildConfiguration;
			buildSettings = {
				ALWAYS_SEARCH_USER_PATHS = NO;
				CLANG_ANALYZER_NONNULL = YES;
				CLANG_ANALYZER_NUMBER_OBJECT_CONVERSION = YES_AGGRESSIVE;
				CLANG_CXX_LANGUAGE_STANDARD = "gnu++17";
				CLANG_ENABLE_MODULES = YES;
				CLANG_ENABLE_OBJC_ARC = YES;
				CLANG_ENABLE_OBJC_WEAK = YES;
				CLANG_WARN_BLOCK_CAPTURE_AUTORELEASING = YES;
				CLANG_WARN_BOOL_CONVERSION = YES;
				CLANG_WARN_COMMA = YES;
				CLANG_WARN_CONSTANT_CONVERSION = YES;
				CLANG_WARN_DEPRECATED_OBJC_IMPLEMENTATIONS = YES;
				CLANG_WARN_DIRECT_OBJC_ISA_USAGE = YES_ERROR;
				CLANG_WARN_DOCUMENTATION_COMMENTS = YES;
				CLANG_WARN_EMPTY_BODY = YES;
				CLANG_WARN_ENUM_CONVERSION = YES;
				CLANG_WARN_INFINITE_RECURSION = YES;
				CLANG_WARN_INT_CONVERSION = YES;
				CLANG_WARN_NON_LITERAL_NULL_CONVERSION = YES;
				CLANG_WARN_OBJC_IMPLICIT_RETAIN_SELF = YES;
				CLANG_WARN_OBJC_LITERAL_CONVERSION = YES;
				CLANG_WARN_OBJC_ROOT_CLASS = YES_ERROR;
				CLANG_WARN_QUOTED_INCLUDE_IN_FRAMEWORK_HEADER = YES;
				CLANG_WARN_RANGE_LOOP_ANALYSIS = YES;
				CLANG_WARN_STRICT_PROTOTYPES = YES;
				CLANG_WARN_SUSPICIOUS_MOVE = YES;
				CLANG_WARN_UNGUARDED_AVAILABILITY = YES_AGGRESSIVE;
				CLANG_WARN_UNREACHABLE_CODE = YES;
				CLANG_WARN__DUPLICATE_METHOD_MATCH = YES;
				COPY_PHASE_STRIP = NO;
				DEBUG_INFORMATION_FORMAT = "dwarf-with-dsym";
				ENABLE_NS_ASSERTIONS = NO;
				ENABLE_STRICT_OBJC_MSGSEND = YES;
				GCC_C_LANGUAGE_STANDARD = gnu11;
				GCC_NO_COMMON_BLOCKS = YES;
				GCC_WARN_64_TO_32_BIT_CONVERSION = YES;
				GCC_WARN_ABOUT_RETURN_TYPE = YES_ERROR;
				GCC_WARN_UNDECLARED_SELECTOR = YES;
				GCC_WARN_UNINITIALIZED_AUTOS = YES_AGGRESSIVE;
				GCC_WARN_UNUSED_FUNCTION = YES;
				GCC_WARN_UNUSED_VARIABLE = YES;
				IPHONEOS_DEPLOYMENT_TARGET = 15.5;
				MTL_ENABLE_DEBUG_INFO = NO;
				MTL_FAST_MATH = YES;
				SDKROOT = iphoneos;
				SWIFT_COMPILATION_MODE = wholemodule;
				SWIFT_OPTIMIZATION_LEVEL = "-O";
				VALIDATE_PRODUCT = YES;
			};
			name = Release;
		};
		D956BAA828B8DD04007FDDB8 /* Debug */ = {
			isa = XCBuildConfiguration;
			buildSettings = {
				ASSETCATALOG_COMPILER_APPICON_NAME = AppIcon;
				ASSETCATALOG_COMPILER_GLOBAL_ACCENT_COLOR_NAME = AccentColor;
				CODE_SIGN_STYLE = Automatic;
				CURRENT_PROJECT_VERSION = 1;
				GENERATE_INFOPLIST_FILE = YES;
				INFOPLIST_FILE = ItemsListingDemo/Info.plist;
				INFOPLIST_KEY_UIApplicationSupportsIndirectInputEvents = YES;
				INFOPLIST_KEY_UILaunchStoryboardName = LaunchScreen;
				INFOPLIST_KEY_UIMainStoryboardFile = Main;
				INFOPLIST_KEY_UISupportedInterfaceOrientations_iPad = "UIInterfaceOrientationPortrait UIInterfaceOrientationPortraitUpsideDown UIInterfaceOrientationLandscapeLeft UIInterfaceOrientationLandscapeRight";
				INFOPLIST_KEY_UISupportedInterfaceOrientations_iPhone = "UIInterfaceOrientationPortrait UIInterfaceOrientationLandscapeLeft UIInterfaceOrientationLandscapeRight";
				IPHONEOS_DEPLOYMENT_TARGET = 13.0;
				LD_RUNPATH_SEARCH_PATHS = (
					"$(inherited)",
					"@executable_path/Frameworks",
				);
				MARKETING_VERSION = 1.0;
				PRODUCT_BUNDLE_IDENTIFIER = com.brainxtech.ItemsListingDemo;
				PRODUCT_NAME = "$(TARGET_NAME)";
				SWIFT_EMIT_LOC_STRINGS = YES;
				SWIFT_VERSION = 5.0;
				TARGETED_DEVICE_FAMILY = "1,2";
			};
			name = Debug;
		};
		D956BAA928B8DD04007FDDB8 /* Release */ = {
			isa = XCBuildConfiguration;
			buildSettings = {
				ASSETCATALOG_COMPILER_APPICON_NAME = AppIcon;
				ASSETCATALOG_COMPILER_GLOBAL_ACCENT_COLOR_NAME = AccentColor;
				CODE_SIGN_STYLE = Automatic;
				CURRENT_PROJECT_VERSION = 1;
				GENERATE_INFOPLIST_FILE = YES;
				INFOPLIST_FILE = ItemsListingDemo/Info.plist;
				INFOPLIST_KEY_UIApplicationSupportsIndirectInputEvents = YES;
				INFOPLIST_KEY_UILaunchStoryboardName = LaunchScreen;
				INFOPLIST_KEY_UIMainStoryboardFile = Main;
				INFOPLIST_KEY_UISupportedInterfaceOrientations_iPad = "UIInterfaceOrientationPortrait UIInterfaceOrientationPortraitUpsideDown UIInterfaceOrientationLandscapeLeft UIInterfaceOrientationLandscapeRight";
				INFOPLIST_KEY_UISupportedInterfaceOrientations_iPhone = "UIInterfaceOrientationPortrait UIInterfaceOrientationLandscapeLeft UIInterfaceOrientationLandscapeRight";
				IPHONEOS_DEPLOYMENT_TARGET = 13.0;
				LD_RUNPATH_SEARCH_PATHS = (
					"$(inherited)",
					"@executable_path/Frameworks",
				);
				MARKETING_VERSION = 1.0;
				PRODUCT_BUNDLE_IDENTIFIER = com.brainxtech.ItemsListingDemo;
				PRODUCT_NAME = "$(TARGET_NAME)";
				SWIFT_EMIT_LOC_STRINGS = YES;
				SWIFT_VERSION = 5.0;
				TARGETED_DEVICE_FAMILY = "1,2";
			};
			name = Release;
		};
/* End XCBuildConfiguration section */

/* Begin XCConfigurationList section */
		D956BA8E28B8DD02007FDDB8 /* Build configuration list for PBXProject "ItemsListingDemo" */ = {
			isa = XCConfigurationList;
			buildConfigurations = (
				D956BAA528B8DD04007FDDB8 /* Debug */,
				D956BAA628B8DD04007FDDB8 /* Release */,
			);
			defaultConfigurationIsVisible = 0;
			defaultConfigurationName = Release;
		};
		D956BAA728B8DD04007FDDB8 /* Build configuration list for PBXNativeTarget "ItemsListingDemo" */ = {
			isa = XCConfigurationList;
			buildConfigurations = (
				D956BAA828B8DD04007FDDB8 /* Debug */,
				D956BAA928B8DD04007FDDB8 /* Release */,
			);
			defaultConfigurationIsVisible = 0;
			defaultConfigurationName = Release;
		};
/* End XCConfigurationList section */
	};
	rootObject = D956BA8B28B8DD02007FDDB8 /* Project object */;
}
